
Microsoft Visual Studio Solution File, Format Version 12.00
# Visual Studio Version 17
VisualStudioVersion = 17.12.35323.107
MinimumVisualStudioVersion = 10.0.40219.1
Project("{8BC9CEB8-8B4A-11D0-8D11-00A0C91BC942}") = "algo ass 5", "algo ass 5\algo ass 5.vcxproj", "{5FEE15FA-0495-4313-BC36-01045F5DFB6A}"
EndProject
Global
	GlobalSection(SolutionConfigurationPlatforms) = preSolution
		Debug|x64 = Debug|x64
		Debug|x86 = Debug|x86
		Release|x64 = Release|x64
		Release|x86 = Release|x86
	EndGlobalSection
	GlobalSection(ProjectConfigurationPlatforms) = postSolution
		{5FEE15FA-0495-4313-BC36-01045F5DFB6A}.Debug|x64.ActiveCfg = Debug|x64
		{5FEE15FA-0495-4313-BC36-01045F5DFB6A}.Debug|x64.Build.0 = Debug|x64
		{5FEE15FA-0495-4313-BC36-01045F5DFB6A}.Debug|x86.ActiveCfg = Debug|Win32
		{5FEE15FA-0495-4313-BC36-01045F5DFB6A}.Debug|x86.Build.0 = Debug|Win32
		{5FEE15FA-0495-4313-BC36-01045F5DFB6A}.Release|x64.ActiveCfg = Release|x64
		{5FEE15FA-0495-4313-BC36-01045F5DFB6A}.Release|x64.Build.0 = Release|x64
		{5FEE15FA-0495-4313-BC36-01045F5DFB6A}.Release|x86.ActiveCfg = Release|Win32
		{5FEE15FA-0495-4313-BC36-01045F5DFB6A}.Release|x86.Build.0 = Release|Win32
	EndGlobalSection
	GlobalSection(SolutionProperties) = preSolution
		HideSolutionNode = FALSE
	EndGlobalSection
	GlobalSection(ExtensibilityGlobals) = postSolution
		SolutionGuid = {DA38FFA8-0B36-4B66-828C-4AE635B8C5E0}
	EndGlobalSection
EndGlobal
